
Microsoft Visual Studio Solution File, Format Version 12.00
# Visual Studio Version 17
VisualStudioVersion = 17.5.002.0
MinimumVisualStudioVersion = 10.0.40219.1
Project("{9A19103F-16F7-4668-BE54-9A1E7A4F7556}") = "c#-course-2", "c#-course-2.csproj", "{94ADD13E-AF25-4573-9C2C-729AC2CDC729}"
EndProject
Global
	GlobalSection(SolutionConfigurationPlatforms) = preSolution
		Debug|Any CPU = Debug|Any CPU
		Release|Any CPU = Release|Any CPU
	EndGlobalSection
	GlobalSection(ProjectConfigurationPlatforms) = postSolution
		{94ADD13E-AF25-4573-9C2C-729AC2CDC729}.Debug|Any CPU.ActiveCfg = Debug|Any CPU
		{94ADD13E-AF25-4573-9C2C-729AC2CDC729}.Debug|Any CPU.Build.0 = Debug|Any CPU
		{94ADD13E-AF25-4573-9C2C-729AC2CDC729}.Release|Any CPU.ActiveCfg = Release|Any CPU
		{94ADD13E-AF25-4573-9C2C-729AC2CDC729}.Release|Any CPU.Build.0 = Release|Any CPU
	EndGlobalSection
	GlobalSection(SolutionProperties) = preSolution
		HideSolutionNode = FALSE
	EndGlobalSection
	GlobalSection(ExtensibilityGlobals) = postSolution
		SolutionGuid = {E7897A8C-1839-4239-A67B-0C082F5D87F1}
	EndGlobalSection
EndGlobal
